// !$*UTF8*$!
{
	archiveVersion = 1;
	classes = {
	};
	objectVersion = 55;
	objects = {

/* Begin PBXBuildFile section */
		D2D8CF9028D7F2B600A33A0F /* AppDelegate.swift in Sources */ = {isa = PBXBuildFile; fileRef = D2D8CF8F28D7F2B600A33A0F /* AppDelegate.swift */; };
		D2D8CF9228D7F2B600A33A0F /* SceneDelegate.swift in Sources */ = {isa = PBXBuildFile; fileRef = D2D8CF9128D7F2B600A33A0F /* SceneDelegate.swift */; };
		D2D8CF9428D7F2B600A33A0F /* ViewController.swift in Sources */ = {isa = PBXBuildFile; fileRef = D2D8CF9328D7F2B600A33A0F /* ViewController.swift */; };
		D2D8CF9728D7F2B600A33A0F /* Main.storyboard in Resources */ = {isa = PBXBuildFile; fileRef = D2D8CF9528D7F2B600A33A0F /* Main.storyboard */; };
		D2D8CF9928D7F2BE00A33A0F /* Assets.xcassets in Resources */ = {isa = PBXBuildFile; fileRef = D2D8CF9828D7F2BE00A33A0F /* Assets.xcassets */; };
		D2D8CF9C28D7F2BE00A33A0F /* LaunchScreen.storyboard in Resources */ = {isa = PBXBuildFile; fileRef = D2D8CF9A28D7F2BE00A33A0F /* LaunchScreen.storyboard */; };
		D2D8CFA728D7F2BE00A33A0F /* FlashcardsTests.swift in Sources */ = {isa = PBXBuildFile; fileRef = D2D8CFA628D7F2BE00A33A0F /* FlashcardsTests.swift */; };
		D2D8CFB128D7F2BE00A33A0F /* FlashcardsUITests.swift in Sources */ = {isa = PBXBuildFile; fileRef = D2D8CFB028D7F2BE00A33A0F /* FlashcardsUITests.swift */; };
		D2D8CFB328D7F2BE00A33A0F /* FlashcardsUITestsLaunchTests.swift in Sources */ = {isa = PBXBuildFile; fileRef = D2D8CFB228D7F2BE00A33A0F /* FlashcardsUITestsLaunchTests.swift */; };
/* End PBXBuildFile section */

/* Begin PBXContainerItemProxy section */
		D2D8CFA328D7F2BE00A33A0F /* PBXContainerItemProxy */ = {
			isa = PBXContainerItemProxy;
			containerPortal = D2D8CF8428D7F2B600A33A0F /* Project object */;
			proxyType = 1;
			remoteGlobalIDString = D2D8CF8B28D7F2B600A33A0F;
			remoteInfo = Flashcards;
		};
		D2D8CFAD28D7F2BE00A33A0F /* PBXContainerItemProxy */ = {
			isa = PBXContainerItemProxy;
			containerPortal = D2D8CF8428D7F2B600A33A0F /* Project object */;
			proxyType = 1;
			remoteGlobalIDString = D2D8CF8B28D7F2B600A33A0F;
			remoteInfo = Flashcards;
		};
/* End PBXContainerItemProxy section */

/* Begin PBXFileReference section */
		D2D8CF8C28D7F2B600A33A0F /* Flashcards.app */ = {isa = PBXFileReference; explicitFileType = wrapper.application; includeInIndex = 0; path = Flashcards.app; sourceTree = BUILT_PRODUCTS_DIR; };
		D2D8CF8F28D7F2B600A33A0F /* AppDelegate.swift */ = {isa = PBXFileReference; lastKnownFileType = sourcecode.swift; path = AppDelegate.swift; sourceTree = "<group>"; };
		D2D8CF9128D7F2B600A33A0F /* SceneDelegate.swift */ = {isa = PBXFileReference; lastKnownFileType = sourcecode.swift; path = SceneDelegate.swift; sourceTree = "<group>"; };
		D2D8CF9328D7F2B600A33A0F /* ViewController.swift */ = {isa = PBXFileReference; lastKnownFileType = sourcecode.swift; path = ViewController.swift; sourceTree = "<group>"; };
		D2D8CF9628D7F2B600A33A0F /* Base */ = {isa = PBXFileReference; lastKnownFileType = file.storyboard; name = Base; path = Base.lproj/Main.storyboard; sourceTree = "<group>"; };
		D2D8CF9828D7F2BE00A33A0F /* Assets.xcassets */ = {isa = PBXFileReference; lastKnownFileType = folder.assetcatalog; path = Assets.xcassets; sourceTree = "<group>"; };
		D2D8CF9B28D7F2BE00A33A0F /* Base */ = {isa = PBXFileReference; lastKnownFileType = file.storyboard; name = Base; path = Base.lproj/LaunchScreen.storyboard; sourceTree = "<group>"; };
		D2D8CF9D28D7F2BE00A33A0F /* Info.plist */ = {isa = PBXFileReference; lastKnownFileType = text.plist.xml; path = Info.plist; sourceTree = "<group>"; };
		D2D8CFA228D7F2BE00A33A0F /* FlashcardsTests.xctest */ = {isa = PBXFileReference; explicitFileType = wrapper.cfbundle; includeInIndex = 0; path = FlashcardsTests.xctest; sourceTree = BUILT_PRODUCTS_DIR; };
		D2D8CFA628D7F2BE00A33A0F /* FlashcardsTests.swift */ = {isa = PBXFileReference; lastKnownFileType = sourcecode.swift; path = FlashcardsTests.swift; sourceTree = "<group>"; };
		D2D8CFAC28D7F2BE00A33A0F /* FlashcardsUITests.xctest */ = {isa = PBXFileReference; explicitFileType = wrapper.cfbundle; includeInIndex = 0; path = FlashcardsUITests.xctest; sourceTree = BUILT_PRODUCTS_DIR; };
		D2D8CFB028D7F2BE00A33A0F /* FlashcardsUITests.swift */ = {isa = PBXFileReference; lastKnownFileType = sourcecode.swift; path = FlashcardsUITests.swift; sourceTree = "<group>"; };
		D2D8CFB228D7F2BE00A33A0F /* FlashcardsUITestsLaunchTests.swift */ = {isa = PBXFileReference; lastKnownFileType = sourcecode.swift; path = FlashcardsUITestsLaunchTests.swift; sourceTree = "<group>"; };
/* End PBXFileReference section */

/* Begin PBXFrameworksBuildPhase section */
		D2D8CF8928D7F2B600A33A0F /* Frameworks */ = {
			isa = PBXFrameworksBuildPhase;
			buildActionMask = 2147483647;
			files = (
			);
			runOnlyForDeploymentPostprocessing = 0;
		};
		D2D8CF9F28D7F2BE00A33A0F /* Frameworks */ = {
			isa = PBXFrameworksBuildPhase;
			buildActionMask = 2147483647;
			files = (
			);
			runOnlyForDeploymentPostprocessing = 0;
		};
		D2D8CFA928D7F2BE00A33A0F /* Frameworks */ = {
			isa = PBXFrameworksBuildPhase;
			buildActionMask = 2147483647;
			files = (
			);
			runOnlyForDeploymentPostprocessing = 0;
		};
/* End PBXFrameworksBuildPhase section */

/* Begin PBXGroup section */
		D2D8CF8328D7F2B600A33A0F = {
			isa = PBXGroup;
			children = (
				D2D8CF8E28D7F2B600A33A0F /* Flashcards */,
				D2D8CFA528D7F2BE00A33A0F /* FlashcardsTests */,
				D2D8CFAF28D7F2BE00A33A0F /* FlashcardsUITests */,
				D2D8CF8D28D7F2B600A33A0F /* Products */,
			);
			sourceTree = "<group>";
		};
		D2D8CF8D28D7F2B600A33A0F /* Products */ = {
			isa = PBXGroup;
			children = (
				D2D8CF8C28D7F2B600A33A0F /* Flashcards.app */,
				D2D8CFA228D7F2BE00A33A0F /* FlashcardsTests.xctest */,
				D2D8CFAC28D7F2BE00A33A0F /* FlashcardsUITests.xctest */,
			);
			name = Products;
			sourceTree = "<group>";
		};
		D2D8CF8E28D7F2B600A33A0F /* Flashcards */ = {
			isa = PBXGroup;
			children = (
				D2D8CF8F28D7F2B600A33A0F /* AppDelegate.swift */,
				D2D8CF9128D7F2B600A33A0F /* SceneDelegate.swift */,
				D2D8CF9328D7F2B600A33A0F /* ViewController.swift */,
				D2D8CF9528D7F2B600A33A0F /* Main.storyboard */,
				D2D8CF9828D7F2BE00A33A0F /* Assets.xcassets */,
				D2D8CF9A28D7F2BE00A33A0F /* LaunchScreen.storyboard */,
				D2D8CF9D28D7F2BE00A33A0F /* Info.plist */,
			);
			path = Flashcards;
			sourceTree = "<group>";
		};
		D2D8CFA528D7F2BE00A33A0F /* FlashcardsTests */ = {
			isa = PBXGroup;
			children = (
				D2D8CFA628D7F2BE00A33A0F /* FlashcardsTests.swift */,
			);
			path = FlashcardsTests;
			sourceTree = "<group>";
		};
		D2D8CFAF28D7F2BE00A33A0F /* FlashcardsUITests */ = {
			isa = PBXGroup;
			children = (
				D2D8CFB028D7F2BE00A33A0F /* FlashcardsUITests.swift */,
				D2D8CFB228D7F2BE00A33A0F /* FlashcardsUITestsLaunchTests.swift */,
			);
			path = FlashcardsUITests;
			sourceTree = "<group>";
		};
/* End PBXGroup section */

/* Begin PBXNativeTarget section */
		D2D8CF8B28D7F2B600A33A0F /* Flashcards */ = {
			isa = PBXNativeTarget;
			buildConfigurationList = D2D8CFB628D7F2BE00A33A0F /* Build configuration list for PBXNativeTarget "Flashcards" */;
			buildPhases = (
				D2D8CF8828D7F2B600A33A0F /* Sources */,
				D2D8CF8928D7F2B600A33A0F /* Frameworks */,
				D2D8CF8A28D7F2B600A33A0F /* Resources */,
			);
			buildRules = (
			);
			dependencies = (
			);
			name = Flashcards;
			productName = Flashcards;
			productReference = D2D8CF8C28D7F2B600A33A0F /* Flashcards.app */;
			productType = "com.apple.product-type.application";
		};
		D2D8CFA128D7F2BE00A33A0F /* FlashcardsTests */ = {
			isa = PBXNativeTarget;
			buildConfigurationList = D2D8CFB928D7F2BE00A33A0F /* Build configuration list for PBXNativeTarget "FlashcardsTests" */;
			buildPhases = (
				D2D8CF9E28D7F2BE00A33A0F /* Sources */,
				D2D8CF9F28D7F2BE00A33A0F /* Frameworks */,
				D2D8CFA028D7F2BE00A33A0F /* Resources */,
			);
			buildRules = (
			);
			dependencies = (
				D2D8CFA428D7F2BE00A33A0F /* PBXTargetDependency */,
			);
			name = FlashcardsTests;
			productName = FlashcardsTests;
			productReference = D2D8CFA228D7F2BE00A33A0F /* FlashcardsTests.xctest */;
			productType = "com.apple.product-type.bundle.unit-test";
		};
		D2D8CFAB28D7F2BE00A33A0F /* FlashcardsUITests */ = {
			isa = PBXNativeTarget;
			buildConfigurationList = D2D8CFBC28D7F2BE00A33A0F /* Build configuration list for PBXNativeTarget "FlashcardsUITests" */;
			buildPhases = (
				D2D8CFA828D7F2BE00A33A0F /* Sources */,
				D2D8CFA928D7F2BE00A33A0F /* Frameworks */,
				D2D8CFAA28D7F2BE00A33A0F /* Resources */,
			);
			buildRules = (
			);
			dependencies = (
				D2D8CFAE28D7F2BE00A33A0F /* PBXTargetDependency */,
			);
			name = FlashcardsUITests;
			productName = FlashcardsUITests;
			productReference = D2D8CFAC28D7F2BE00A33A0F /* FlashcardsUITests.xctest */;
			productType = "com.apple.product-type.bundle.ui-testing";
		};
/* End PBXNativeTarget section */

/* Begin PBXProject section */
		D2D8CF8428D7F2B600A33A0F /* Project object */ = {
			isa = PBXProject;
			attributes = {
				BuildIndependentTargetsInParallel = 1;
				LastSwiftUpdateCheck = 1340;
				LastUpgradeCheck = 1340;
				TargetAttributes = {
					D2D8CF8B28D7F2B600A33A0F = {
						CreatedOnToolsVersion = 13.4.1;
					};
					D2D8CFA128D7F2BE00A33A0F = {
						CreatedOnToolsVersion = 13.4.1;
						TestTargetID = D2D8CF8B28D7F2B600A33A0F;
					};
					D2D8CFAB28D7F2BE00A33A0F = {
						CreatedOnToolsVersion = 13.4.1;
						TestTargetID = D2D8CF8B28D7F2B600A33A0F;
					};
				};
			};
			buildConfigurationList = D2D8CF8728D7F2B600A33A0F /* Build configuration list for PBXProject "Flashcards" */;
			compatibilityVersion = "Xcode 13.0";
			developmentRegion = en;
			hasScannedForEncodings = 0;
			knownRegions = (
				en,
				Base,
			);
			mainGroup = D2D8CF8328D7F2B600A33A0F;
			productRefGroup = D2D8CF8D28D7F2B600A33A0F /* Products */;
			projectDirPath = "";
			projectRoot = "";
			targets = (
				D2D8CF8B28D7F2B600A33A0F /* Flashcards */,
				D2D8CFA128D7F2BE00A33A0F /* FlashcardsTests */,
				D2D8CFAB28D7F2BE00A33A0F /* FlashcardsUITests */,
			);
		};
/* End PBXProject section */

/* Begin PBXResourcesBuildPhase section */
		D2D8CF8A28D7F2B600A33A0F /* Resources */ = {
			isa = PBXResourcesBuildPhase;
			buildActionMask = 2147483647;
			files = (
				D2D8CF9C28D7F2BE00A33A0F /* LaunchScreen.storyboard in Resources */,
				D2D8CF9928D7F2BE00A33A0F /* Assets.xcassets in Resources */,
				D2D8CF9728D7F2B600A33A0F /* Main.storyboard in Resources */,
			);
			runOnlyForDeploymentPostprocessing = 0;
		};
		D2D8CFA028D7F2BE00A33A0F /* Resources */ = {
			isa = PBXResourcesBuildPhase;
			buildActionMask = 2147483647;
			files = (
			);
			runOnlyForDeploymentPostprocessing = 0;
		};
		D2D8CFAA28D7F2BE00A33A0F /* Resources */ = {
			isa = PBXResourcesBuildPhase;
			buildActionMask = 2147483647;
			files = (
			);
			runOnlyForDeploymentPostprocessing = 0;
		};
/* End PBXResourcesBuildPhase section */

/* Begin PBXSourcesBuildPhase section */
		D2D8CF8828D7F2B600A33A0F /* Sources */ = {
			isa = PBXSourcesBuildPhase;
			buildActionMask = 2147483647;
			files = (
				D2D8CF9428D7F2B600A33A0F /* ViewController.swift in Sources */,
				D2D8CF9028D7F2B600A33A0F /* AppDelegate.swift in Sources */,
				D2D8CF9228D7F2B600A33A0F /* SceneDelegate.swift in Sources */,
			);
			runOnlyForDeploymentPostprocessing = 0;
		};
		D2D8CF9E28D7F2BE00A33A0F /* Sources */ = {
			isa = PBXSourcesBuildPhase;
			buildActionMask = 2147483647;
			files = (
				D2D8CFA728D7F2BE00A33A0F /* FlashcardsTests.swift in Sources */,
			);
			runOnlyForDeploymentPostprocessing = 0;
		};
		D2D8CFA828D7F2BE00A33A0F /* Sources */ = {
			isa = PBXSourcesBuildPhase;
			buildActionMask = 2147483647;
			files = (
				D2D8CFB128D7F2BE00A33A0F /* FlashcardsUITests.swift in Sources */,
				D2D8CFB328D7F2BE00A33A0F /* FlashcardsUITestsLaunchTests.swift in Sources */,
			);
			runOnlyForDeploymentPostprocessing = 0;
		};
/* End PBXSourcesBuildPhase section */

/* Begin PBXTargetDependency section */
		D2D8CFA428D7F2BE00A33A0F /* PBXTargetDependency */ = {
			isa = PBXTargetDependency;
			target = D2D8CF8B28D7F2B600A33A0F /* Flashcards */;
			targetProxy = D2D8CFA328D7F2BE00A33A0F /* PBXContainerItemProxy */;
		};
		D2D8CFAE28D7F2BE00A33A0F /* PBXTargetDependency */ = {
			isa = PBXTargetDependency;
			target = D2D8CF8B28D7F2B600A33A0F /* Flashcards */;
			targetProxy = D2D8CFAD28D7F2BE00A33A0F /* PBXContainerItemProxy */;
		};
/* End PBXTargetDependency section */

/* Begin PBXVariantGroup section */
		D2D8CF9528D7F2B600A33A0F /* Main.storyboard */ = {
			isa = PBXVariantGroup;
			children = (
				D2D8CF9628D7F2B600A33A0F /* Base */,
			);
			name = Main.storyboard;
			sourceTree = "<group>";
		};
		D2D8CF9A28D7F2BE00A33A0F /* LaunchScreen.storyboard */ = {
			isa = PBXVariantGroup;
			children = (
				D2D8CF9B28D7F2BE00A33A0F /* Base */,
			);
			name = LaunchScreen.storyboard;
			sourceTree = "<group>";
		};
/* End PBXVariantGroup section */

/* Begin XCBuildConfiguration section */
		D2D8CFB428D7F2BE00A33A0F /* Debug */ = {
			isa = XCBuildConfiguration;
			buildSettings = {
				ALWAYS_SEARCH_USER_PATHS = NO;
				CLANG_ANALYZER_NONNULL = YES;
				CLANG_ANALYZER_NUMBER_OBJECT_CONVERSION = YES_AGGRESSIVE;
				CLANG_CXX_LANGUAGE_STANDARD = "gnu++17";
				CLANG_ENABLE_MODULES = YES;
				CLANG_ENABLE_OBJC_ARC = YES;
				CLANG_ENABLE_OBJC_WEAK = YES;
				CLANG_WARN_BLOCK_CAPTURE_AUTORELEASING = YES;
				CLANG_WARN_BOOL_CONVERSION = YES;
				CLANG_WARN_COMMA = YES;
				CLANG_WARN_CONSTANT_CONVERSION = YES;
				CLANG_WARN_DEPRECATED_OBJC_IMPLEMENTATIONS = YES;
				CLANG_WARN_DIRECT_OBJC_ISA_USAGE = YES_ERROR;
				CLANG_WARN_DOCUMENTATION_COMMENTS = YES;
				CLANG_WARN_EMPTY_BODY = YES;
				CLANG_WARN_ENUM_CONVERSION = YES;
				CLANG_WARN_INFINITE_RECURSION = YES;
				CLANG_WARN_INT_CONVERSION = YES;
				CLANG_WARN_NON_LITERAL_NULL_CONVERSION = YES;
				CLANG_WARN_OBJC_IMPLICIT_RETAIN_SELF = YES;
				CLANG_WARN_OBJC_LITERAL_CONVERSION = YES;
				CLANG_WARN_OBJC_ROOT_CLASS = YES_ERROR;
				CLANG_WARN_QUOTED_INCLUDE_IN_FRAMEWORK_HEADER = YES;
				CLANG_WARN_RANGE_LOOP_ANALYSIS = YES;
				CLANG_WARN_STRICT_PROTOTYPES = YES;
				CLANG_WARN_SUSPICIOUS_MOVE = YES;
				CLANG_WARN_UNGUARDED_AVAILABILITY = YES_AGGRESSIVE;
				CLANG_WARN_UNREACHABLE_CODE = YES;
				CLANG_WARN__DUPLICATE_METHOD_MATCH = YES;
				COPY_PHASE_STRIP = NO;
				DEBUG_INFORMATION_FORMAT = dwarf;
				ENABLE_STRICT_OBJC_MSGSEND = YES;
				ENABLE_TESTABILITY = YES;
				GCC_C_LANGUAGE_STANDARD = gnu11;
				GCC_DYNAMIC_NO_PIC = NO;
				GCC_NO_COMMON_BLOCKS = YES;
				GCC_OPTIMIZATION_LEVEL = 0;
				GCC_PREPROCESSOR_DEFINITIONS = (
					"DEBUG=1",
					"$(inherited)",
				);
				GCC_WARN_64_TO_32_BIT_CONVERSION = YES;
				GCC_WARN_ABOUT_RETURN_TYPE = YES_ERROR;
				GCC_WARN_UNDECLARED_SELECTOR = YES;
				GCC_WARN_UNINITIALIZED_AUTOS = YES_AGGRESSIVE;
				GCC_WARN_UNUSED_FUNCTION = YES;
				GCC_WARN_UNUSED_VARIABLE = YES;
				IPHONEOS_DEPLOYMENT_TARGET = 15.5;
				MTL_ENABLE_DEBUG_INFO = INCLUDE_SOURCE;
				MTL_FAST_MATH = YES;
				ONLY_ACTIVE_ARCH = YES;
				SDKROOT = iphoneos;
				SWIFT_ACTIVE_COMPILATION_CONDITIONS = DEBUG;
				SWIFT_OPTIMIZATION_LEVEL = "-Onone";
			};
			name = Debug;
		};
		D2D8CFB528D7F2BE00A33A0F /* Release */ = {
			isa = XCBuildConfiguration;
			buildSettings = {
				ALWAYS_SEARCH_USER_PATHS = NO;
				CLANG_ANALYZER_NONNULL = YES;
				CLANG_ANALYZER_NUMBER_OBJECT_CONVERSION = YES_AGGRESSIVE;
				CLANG_CXX_LANGUAGE_STANDARD = "gnu++17";
				CLANG_ENABLE_MODULES = YES;
				CLANG_ENABLE_OBJC_ARC = YES;
				CLANG_ENABLE_OBJC_WEAK = YES;
				CLANG_WARN_BLOCK_CAPTURE_AUTORELEASING = YES;
				CLANG_WARN_BOOL_CONVERSION = YES;
				CLANG_WARN_COMMA = YES;
				CLANG_WARN_CONSTANT_CONVERSION = YES;
				CLANG_WARN_DEPRECATED_OBJC_IMPLEMENTATIONS = YES;
				CLANG_WARN_DIRECT_OBJC_ISA_USAGE = YES_ERROR;
				CLANG_WARN_DOCUMENTATION_COMMENTS = YES;
				CLANG_WARN_EMPTY_BODY = YES;
				CLANG_WARN_ENUM_CONVERSION = YES;
				CLANG_WARN_INFINITE_RECURSION = YES;
				CLANG_WARN_INT_CONVERSION = YES;
				CLANG_WARN_NON_LITERAL_NULL_CONVERSION = YES;
				CLANG_WARN_OBJC_IMPLICIT_RETAIN_SELF = YES;
				CLANG_WARN_OBJC_LITERAL_CONVERSION = YES;
				CLANG_WARN_OBJC_ROOT_CLASS = YES_ERROR;
				CLANG_WARN_QUOTED_INCLUDE_IN_FRAMEWORK_HEADER = YES;
				CLANG_WARN_RANGE_LOOP_ANALYSIS = YES;
				CLANG_WARN_STRICT_PROTOTYPES = YES;
				CLANG_WARN_SUSPICIOUS_MOVE = YES;
				CLANG_WARN_UNGUARDED_AVAILABILITY = YES_AGGRESSIVE;
				CLANG_WARN_UNREACHABLE_CODE = YES;
				CLANG_WARN__DUPLICATE_METHOD_MATCH = YES;
				COPY_PHASE_STRIP = NO;
				DEBUG_INFORMATION_FORMAT = "dwarf-with-dsym";
				ENABLE_NS_ASSERTIONS = NO;
				ENABLE_STRICT_OBJC_MSGSEND = YES;
				GCC_C_LANGUAGE_STANDARD = gnu11;
				GCC_NO_COMMON_BLOCKS = YES;
				GCC_WARN_64_TO_32_BIT_CONVERSION = YES;
				GCC_WARN_ABOUT_RETURN_TYPE = YES_ERROR;
				GCC_WARN_UNDECLARED_SELECTOR = YES;
				GCC_WARN_UNINITIALIZED_AUTOS = YES_AGGRESSIVE;
				GCC_WARN_UNUSED_FUNCTION = YES;
				GCC_WARN_UNUSED_VARIABLE = YES;
				IPHONEOS_DEPLOYMENT_TARGET = 15.5;
				MTL_ENABLE_DEBUG_INFO = NO;
				MTL_FAST_MATH = YES;
				SDKROOT = iphoneos;
				SWIFT_COMPILATION_MODE = wholemodule;
				SWIFT_OPTIMIZATION_LEVEL = "-O";
				VALIDATE_PRODUCT = YES;
			};
			name = Release;
		};
		D2D8CFB728D7F2BE00A33A0F /* Debug */ = {
			isa = XCBuildConfiguration;
			buildSettings = {
				ASSETCATALOG_COMPILER_APPICON_NAME = AppIcon;
				ASSETCATALOG_COMPILER_GLOBAL_ACCENT_COLOR_NAME = AccentColor;
				CODE_SIGN_STYLE = Automatic;
				CURRENT_PROJECT_VERSION = 1;
				GENERATE_INFOPLIST_FILE = YES;
				INFOPLIST_FILE = Flashcards/Info.plist;
				INFOPLIST_KEY_UIApplicationSupportsIndirectInputEvents = YES;
				INFOPLIST_KEY_UILaunchStoryboardName = LaunchScreen;
				INFOPLIST_KEY_UIMainStoryboardFile = Main;
				INFOPLIST_KEY_UISupportedInterfaceOrientations_iPad = "UIInterfaceOrientationPortrait UIInterfaceOrientationPortraitUpsideDown UIInterfaceOrientationLandscapeLeft UIInterfaceOrientationLandscapeRight";
				INFOPLIST_KEY_UISupportedInterfaceOrientations_iPhone = "UIInterfaceOrientationPortrait UIInterfaceOrientationLandscapeLeft UIInterfaceOrientationLandscapeRight";
				LD_RUNPATH_SEARCH_PATHS = (
					"$(inherited)",
					"@executable_path/Frameworks",
				);
				MARKETING_VERSION = 1.0;
				PRODUCT_BUNDLE_IDENTIFIER = com.codepath.Flashcards;
				PRODUCT_NAME = "$(TARGET_NAME)";
				SWIFT_EMIT_LOC_STRINGS = YES;
				SWIFT_VERSION = 5.0;
				TARGETED_DEVICE_FAMILY = "1,2";
			};
			name = Debug;
		};
		D2D8CFB828D7F2BE00A33A0F /* Release */ = {
			isa = XCBuildConfiguration;
			buildSettings = {
				ASSETCATALOG_COMPILER_APPICON_NAME = AppIcon;
				ASSETCATALOG_COMPILER_GLOBAL_ACCENT_COLOR_NAME = AccentColor;
				CODE_SIGN_STYLE = Automatic;
				CURRENT_PROJECT_VERSION = 1;
				GENERATE_INFOPLIST_FILE = YES;
				INFOPLIST_FILE = Flashcards/Info.plist;
				INFOPLIST_KEY_UIApplicationSupportsIndirectInputEvents = YES;
				INFOPLIST_KEY_UILaunchStoryboardName = LaunchScreen;
				INFOPLIST_KEY_UIMainStoryboardFile = Main;
				INFOPLIST_KEY_UISupportedInterfaceOrientations_iPad = "UIInterfaceOrientationPortrait UIInterfaceOrientationPortraitUpsideDown UIInterfaceOrientationLandscapeLeft UIInterfaceOrientationLandscapeRight";
				INFOPLIST_KEY_UISupportedInterfaceOrientations_iPhone = "UIInterfaceOrientationPortrait UIInterfaceOrientationLandscapeLeft UIInterfaceOrientationLandscapeRight";
				LD_RUNPATH_SEARCH_PATHS = (
					"$(inherited)",
					"@executable_path/Frameworks",
				);
				MARKETING_VERSION = 1.0;
				PRODUCT_BUNDLE_IDENTIFIER = com.codepath.Flashcards;
				PRODUCT_NAME = "$(TARGET_NAME)";
				SWIFT_EMIT_LOC_STRINGS = YES;
				SWIFT_VERSION = 5.0;
				TARGETED_DEVICE_FAMILY = "1,2";
			};
			name = Release;
		};
		D2D8CFBA28D7F2BE00A33A0F /* Debug */ = {
			isa = XCBuildConfiguration;
			buildSettings = {
				ALWAYS_EMBED_SWIFT_STANDARD_LIBRARIES = YES;
				BUNDLE_LOADER = "$(TEST_HOST)";
				CODE_SIGN_STYLE = Automatic;
				CURRENT_PROJECT_VERSION = 1;
				GENERATE_INFOPLIST_FILE = YES;
				IPHONEOS_DEPLOYMENT_TARGET = 15.5;
				MARKETING_VERSION = 1.0;
				PRODUCT_BUNDLE_IDENTIFIER = com.codepath.FlashcardsTests;
				PRODUCT_NAME = "$(TARGET_NAME)";
				SWIFT_EMIT_LOC_STRINGS = NO;
				SWIFT_VERSION = 5.0;
				TARGETED_DEVICE_FAMILY = "1,2";
				TEST_HOST = "$(BUILT_PRODUCTS_DIR)/Flashcards.app/Flashcards";
			};
			name = Debug;
		};
		D2D8CFBB28D7F2BE00A33A0F /* Release */ = {
			isa = XCBuildConfiguration;
			buildSettings = {
				ALWAYS_EMBED_SWIFT_STANDARD_LIBRARIES = YES;
				BUNDLE_LOADER = "$(TEST_HOST)";
				CODE_SIGN_STYLE = Automatic;
				CURRENT_PROJECT_VERSION = 1;
				GENERATE_INFOPLIST_FILE = YES;
				IPHONEOS_DEPLOYMENT_TARGET = 15.5;
				MARKETING_VERSION = 1.0;
				PRODUCT_BUNDLE_IDENTIFIER = com.codepath.FlashcardsTests;
				PRODUCT_NAME = "$(TARGET_NAME)";
				SWIFT_EMIT_LOC_STRINGS = NO;
				SWIFT_VERSION = 5.0;
				TARGETED_DEVICE_FAMILY = "1,2";
				TEST_HOST = "$(BUILT_PRODUCTS_DIR)/Flashcards.app/Flashcards";
			};
			name = Release;
		};
		D2D8CFBD28D7F2BE00A33A0F /* Debug */ = {
			isa = XCBuildConfiguration;
			buildSettings = {
				ALWAYS_EMBED_SWIFT_STANDARD_LIBRARIES = YES;
				CODE_SIGN_STYLE = Automatic;
				CURRENT_PROJECT_VERSION = 1;
				GENERATE_INFOPLIST_FILE = YES;
				MARKETING_VERSION = 1.0;
				PRODUCT_BUNDLE_IDENTIFIER = com.codepath.FlashcardsUITests;
				PRODUCT_NAME = "$(TARGET_NAME)";
				SWIFT_EMIT_LOC_STRINGS = NO;
				SWIFT_VERSION = 5.0;
				TARGETED_DEVICE_FAMILY = "1,2";
				TEST_TARGET_NAME = Flashcards;
			};
			name = Debug;
		};
		D2D8CFBE28D7F2BE00A33A0F /* Release */ = {
			isa = XCBuildConfiguration;
			buildSettings = {
				ALWAYS_EMBED_SWIFT_STANDARD_LIBRARIES = YES;
				CODE_SIGN_STYLE = Automatic;
				CURRENT_PROJECT_VERSION = 1;
				GENERATE_INFOPLIST_FILE = YES;
				MARKETING_VERSION = 1.0;
				PRODUCT_BUNDLE_IDENTIFIER = com.codepath.FlashcardsUITests;
				PRODUCT_NAME = "$(TARGET_NAME)";
				SWIFT_EMIT_LOC_STRINGS = NO;
				SWIFT_VERSION = 5.0;
				TARGETED_DEVICE_FAMILY = "1,2";
				TEST_TARGET_NAME = Flashcards;
			};
			name = Release;
		};
/* End XCBuildConfiguration section */

/* Begin XCConfigurationList section */
		D2D8CF8728D7F2B600A33A0F /* Build configuration list for PBXProject "Flashcards" */ = {
			isa = XCConfigurationList;
			buildConfigurations = (
				D2D8CFB428D7F2BE00A33A0F /* Debug */,
				D2D8CFB528D7F2BE00A33A0F /* Release */,
			);
			defaultConfigurationIsVisible = 0;
			defaultConfigurationName = Release;
		};
		D2D8CFB628D7F2BE00A33A0F /* Build configuration list for PBXNativeTarget "Flashcards" */ = {
			isa = XCConfigurationList;
			buildConfigurations = (
				D2D8CFB728D7F2BE00A33A0F /* Debug */,
				D2D8CFB828D7F2BE00A33A0F /* Release */,
			);
			defaultConfigurationIsVisible = 0;
			defaultConfigurationName = Release;
		};
		D2D8CFB928D7F2BE00A33A0F /* Build configuration list for PBXNativeTarget "FlashcardsTests" */ = {
			isa = XCConfigurationList;
			buildConfigurations = (
				D2D8CFBA28D7F2BE00A33A0F /* Debug */,
				D2D8CFBB28D7F2BE00A33A0F /* Release */,
			);
			defaultConfigurationIsVisible = 0;
			defaultConfigurationName = Release;
		};
		D2D8CFBC28D7F2BE00A33A0F /* Build configuration list for PBXNativeTarget "FlashcardsUITests" */ = {
			isa = XCConfigurationList;
			buildConfigurations = (
				D2D8CFBD28D7F2BE00A33A0F /* Debug */,
				D2D8CFBE28D7F2BE00A33A0F /* Release */,
			);
			defaultConfigurationIsVisible = 0;
			defaultConfigurationName = Release;
		};
/* End XCConfigurationList section */
	};
	rootObject = D2D8CF8428D7F2B600A33A0F /* Project object */;
}
